
Microsoft Visual Studio Solution File, Format Version 12.00
Project("{FAE04EC0-301F-11D3-BF4B-00C04F79EFBC}") = "KhepriDotNet", "KhepriDotNet\KhepriDotNet.csproj", "{1ECCDE8B-779D-4850-8F84-1EC238165DA2}"
EndProject
Project("{FAE04EC0-301F-11D3-BF4B-00C04F79EFBC}") = "KhepriDotNet.Test", "KhepriDotNet.Test\KhepriDotNet.Test.csproj", "{1AFCE2C0-7372-4241-98FD-0C836EF5D311}"
EndProject
Global
	GlobalSection(SolutionConfigurationPlatforms) = preSolution
		Debug|Any CPU = Debug|Any CPU
		Release|Any CPU = Release|Any CPU
	EndGlobalSection
	GlobalSection(ProjectConfigurationPlatforms) = postSolution
		{1ECCDE8B-779D-4850-8F84-1EC238165DA2}.Debug|Any CPU.ActiveCfg = Debug|Any CPU
		{1ECCDE8B-779D-4850-8F84-1EC238165DA2}.Debug|Any CPU.Build.0 = Debug|Any CPU
		{1ECCDE8B-779D-4850-8F84-1EC238165DA2}.Release|Any CPU.ActiveCfg = Release|Any CPU
		{1ECCDE8B-779D-4850-8F84-1EC238165DA2}.Release|Any CPU.Build.0 = Release|Any CPU
		{1AFCE2C0-7372-4241-98FD-0C836EF5D311}.Debug|Any CPU.ActiveCfg = Debug|Any CPU
		{1AFCE2C0-7372-4241-98FD-0C836EF5D311}.Debug|Any CPU.Build.0 = Debug|Any CPU
		{1AFCE2C0-7372-4241-98FD-0C836EF5D311}.Release|Any CPU.ActiveCfg = Release|Any CPU
		{1AFCE2C0-7372-4241-98FD-0C836EF5D311}.Release|Any CPU.Build.0 = Release|Any CPU
	EndGlobalSection
EndGlobal
